
Microsoft Visual Studio Solution File, Format Version 12.00
# Visual Studio 15
VisualStudioVersion = 15.0.28306.52
MinimumVisualStudioVersion = 10.0.40219.1
Project("{FAE04EC0-301F-11D3-BF4B-00C04F79EFBC}") = "UserManagement", "UserManagement\UserManagement.csproj", "{EC0052A4-A91A-427B-A272-A6F6C3A0B7F2}"
EndProject
Project("{2150E333-8FDC-42A3-9474-1A3956D46DE8}") = "Service Layer", "Service Layer", "{7ECD6855-38D7-4DD5-B201-AAE3424DE99E}"
EndProject
Project("{2150E333-8FDC-42A3-9474-1A3956D46DE8}") = "Service Layer Test", "Service Layer Test", "{6F2C8C38-6555-4FA0-9589-AF79F59006A4}"
EndProject
Project("{FAE04EC0-301F-11D3-BF4B-00C04F79EFBC}") = "Authorization", "Authorization\Authorization.csproj", "{476C50BE-DD69-4968-8325-3778766416E9}"
EndProject
Project("{FAE04EC0-301F-11D3-BF4B-00C04F79EFBC}") = "UserManagement.Test", "UserManagement.Test\UserManagement.Test.csproj", "{9C3AF94E-7E5F-4EC8-86F6-658A47DFD9C9}"
EndProject
Project("{FAE04EC0-301F-11D3-BF4B-00C04F79EFBC}") = "Authorization.Test", "Authorization.Test\Authorization.Test.csproj", "{E82B1D07-9F18-4936-A782-A3F64054C741}"
EndProject
Global
	GlobalSection(SolutionConfigurationPlatforms) = preSolution
		Debug|Any CPU = Debug|Any CPU
		Release|Any CPU = Release|Any CPU
	EndGlobalSection
	GlobalSection(ProjectConfigurationPlatforms) = postSolution
		{EC0052A4-A91A-427B-A272-A6F6C3A0B7F2}.Debug|Any CPU.ActiveCfg = Debug|Any CPU
		{EC0052A4-A91A-427B-A272-A6F6C3A0B7F2}.Debug|Any CPU.Build.0 = Debug|Any CPU
		{EC0052A4-A91A-427B-A272-A6F6C3A0B7F2}.Release|Any CPU.ActiveCfg = Release|Any CPU
		{EC0052A4-A91A-427B-A272-A6F6C3A0B7F2}.Release|Any CPU.Build.0 = Release|Any CPU
		{476C50BE-DD69-4968-8325-3778766416E9}.Debug|Any CPU.ActiveCfg = Debug|Any CPU
		{476C50BE-DD69-4968-8325-3778766416E9}.Debug|Any CPU.Build.0 = Debug|Any CPU
		{476C50BE-DD69-4968-8325-3778766416E9}.Release|Any CPU.ActiveCfg = Release|Any CPU
		{476C50BE-DD69-4968-8325-3778766416E9}.Release|Any CPU.Build.0 = Release|Any CPU
		{9C3AF94E-7E5F-4EC8-86F6-658A47DFD9C9}.Debug|Any CPU.ActiveCfg = Debug|Any CPU
		{9C3AF94E-7E5F-4EC8-86F6-658A47DFD9C9}.Debug|Any CPU.Build.0 = Debug|Any CPU
		{9C3AF94E-7E5F-4EC8-86F6-658A47DFD9C9}.Release|Any CPU.ActiveCfg = Release|Any CPU
		{9C3AF94E-7E5F-4EC8-86F6-658A47DFD9C9}.Release|Any CPU.Build.0 = Release|Any CPU
		{E82B1D07-9F18-4936-A782-A3F64054C741}.Debug|Any CPU.ActiveCfg = Debug|Any CPU
		{E82B1D07-9F18-4936-A782-A3F64054C741}.Debug|Any CPU.Build.0 = Debug|Any CPU
		{E82B1D07-9F18-4936-A782-A3F64054C741}.Release|Any CPU.ActiveCfg = Release|Any CPU
		{E82B1D07-9F18-4936-A782-A3F64054C741}.Release|Any CPU.Build.0 = Release|Any CPU
	EndGlobalSection
	GlobalSection(SolutionProperties) = preSolution
		HideSolutionNode = FALSE
	EndGlobalSection
	GlobalSection(NestedProjects) = preSolution
		{EC0052A4-A91A-427B-A272-A6F6C3A0B7F2} = {7ECD6855-38D7-4DD5-B201-AAE3424DE99E}
		{476C50BE-DD69-4968-8325-3778766416E9} = {7ECD6855-38D7-4DD5-B201-AAE3424DE99E}
		{9C3AF94E-7E5F-4EC8-86F6-658A47DFD9C9} = {6F2C8C38-6555-4FA0-9589-AF79F59006A4}
		{E82B1D07-9F18-4936-A782-A3F64054C741} = {6F2C8C38-6555-4FA0-9589-AF79F59006A4}
	EndGlobalSection
	GlobalSection(ExtensibilityGlobals) = postSolution
		SolutionGuid = {5DCC316E-2F8C-4191-80FB-926DB061F25B}
	EndGlobalSection
EndGlobal
