
Microsoft Visual Studio Solution File, Format Version 12.00
# Visual Studio 15
VisualStudioVersion = 15.0.28010.2026
MinimumVisualStudioVersion = 10.0.40219.1
Project("{FAE04EC0-301F-11D3-BF4B-00C04F79EFBC}") = "ServiceLayer", "ServiceLayer\ServiceLayer.csproj", "{57A8C95B-B3D1-424C-88E3-8DB8FA3CAFD5}"
EndProject
Project("{FAE04EC0-301F-11D3-BF4B-00C04F79EFBC}") = "ServiceLayer.Test", "ServiceLayer.Test\ServiceLayer.Test.csproj", "{24EFFA77-D80C-4A00-8093-6FD5975AFA7E}"
EndProject
Global
	GlobalSection(SolutionConfigurationPlatforms) = preSolution
		Debug|Any CPU = Debug|Any CPU
		Release|Any CPU = Release|Any CPU
	EndGlobalSection
	GlobalSection(ProjectConfigurationPlatforms) = postSolution
		{57A8C95B-B3D1-424C-88E3-8DB8FA3CAFD5}.Debug|Any CPU.ActiveCfg = Debug|Any CPU
		{57A8C95B-B3D1-424C-88E3-8DB8FA3CAFD5}.Debug|Any CPU.Build.0 = Debug|Any CPU
		{57A8C95B-B3D1-424C-88E3-8DB8FA3CAFD5}.Release|Any CPU.ActiveCfg = Release|Any CPU
		{57A8C95B-B3D1-424C-88E3-8DB8FA3CAFD5}.Release|Any CPU.Build.0 = Release|Any CPU
		{24EFFA77-D80C-4A00-8093-6FD5975AFA7E}.Debug|Any CPU.ActiveCfg = Debug|Any CPU
		{24EFFA77-D80C-4A00-8093-6FD5975AFA7E}.Debug|Any CPU.Build.0 = Debug|Any CPU
		{24EFFA77-D80C-4A00-8093-6FD5975AFA7E}.Release|Any CPU.ActiveCfg = Release|Any CPU
		{24EFFA77-D80C-4A00-8093-6FD5975AFA7E}.Release|Any CPU.Build.0 = Release|Any CPU
	EndGlobalSection
	GlobalSection(SolutionProperties) = preSolution
		HideSolutionNode = FALSE
	EndGlobalSection
	GlobalSection(ExtensibilityGlobals) = postSolution
		SolutionGuid = {D83B9C89-3F07-4990-9E03-7255893639E4}
	EndGlobalSection
EndGlobal
